# This file was autogenerated by Stack.
# You should not edit this file by hand.
# For more information, please see the documentation at:
#   https://docs.haskellstack.org/en/stable/lock_files

packages:
- completed:
    hackage: regexpr-0.5.4@sha256:a942463f1f25638c81b1c1feab5f958f6f404114113b7788f6a7db95f60e5fe2,2202
    pantry-tree:
      size: 517
      sha256: 940eb972948437609057b1db55bfaa4d1a75a9112cb72bbb8d521ecc28f10f50
  original:
    hackage: regexpr-0.5.4@sha256:a942463f1f25638c81b1c1feab5f958f6f404114113b7788f6a7db95f60e5fe2,2202
- completed:
    hackage: mtlparse-0.1.4.0@sha256:82d7fb37f5633b4cb3d6ac4ef325cd660282cbc265547d82ce23f3f9f8e5b352,679
    pantry-tree:
      size: 316
      sha256: 7b60267e8ab8a2e30260d1ad69f6182f3cfdf91c23a0035651cd8dcda2968116
  original:
    hackage: mtlparse-0.1.4.0@sha256:82d7fb37f5633b4cb3d6ac4ef325cd660282cbc265547d82ce23f3f9f8e5b352,679
- completed:
    hackage: loops-0.2.0.2@sha256:ef9ed99ec28140d39775a0b9c44333496d3ee754995219460d76cb137a9534ce,2551
    pantry-tree:
      size: 700
      sha256: 6a4983466bbfb6590d419119330c65924b523e084f77ea35bb23b70b8bb26997
  original:
    hackage: loops-0.2.0.2@sha256:ef9ed99ec28140d39775a0b9c44333496d3ee754995219460d76cb137a9534ce,2551
snapshots:
- completed:
    size: 586296
    url: https://raw.githubusercontent.com/commercialhaskell/stackage-snapshots/master/lts/18/18.yaml
    sha256: 63539429076b7ebbab6daa7656cfb079393bf644971156dc349d7c0453694ac2
  original:
    url: https://raw.githubusercontent.com/commercialhaskell/stackage-snapshots/master/lts/18/18.yaml
