# This file was autogenerated by Stack.
# You should not edit this file by hand.
# For more information, please see the documentation at:
#   https://docs.haskellstack.org/en/stable/lock_files

packages:
- completed:
    hackage: regexpr-0.5.4@sha256:a942463f1f25638c81b1c1feab5f958f6f404114113b7788f6a7db95f60e5fe2,2202
    pantry-tree:
      size: 517
      sha256: 940eb972948437609057b1db55bfaa4d1a75a9112cb72bbb8d521ecc28f10f50
  original:
    hackage: regexpr-0.5.4@sha256:a942463f1f25638c81b1c1feab5f958f6f404114113b7788f6a7db95f60e5fe2,2202
- completed:
    hackage: mtlparse-0.1.4.0@sha256:82d7fb37f5633b4cb3d6ac4ef325cd660282cbc265547d82ce23f3f9f8e5b352,679
    pantry-tree:
      size: 316
      sha256: 7b60267e8ab8a2e30260d1ad69f6182f3cfdf91c23a0035651cd8dcda2968116
  original:
    hackage: mtlparse-0.1.4.0@sha256:82d7fb37f5633b4cb3d6ac4ef325cd660282cbc265547d82ce23f3f9f8e5b352,679
- completed:
    hackage: encoding-0.8.6@sha256:35f59e6cd485b5e566e6db4235a826ecbbb55ad64f54c8ff5f6d54df1808d7a2,5453
    pantry-tree:
      size: 5454
      sha256: a748ce3aadbfd44e43d42799c7ddd0f400704eb58f23ac2932ad5a9d880f2569
  original:
    hackage: encoding-0.8.6@sha256:35f59e6cd485b5e566e6db4235a826ecbbb55ad64f54c8ff5f6d54df1808d7a2,5453
- completed:
    hackage: Unique-0.4.7.9@sha256:a7e154cf6d05169777a1e54aadab24fb3a6eae3ee167e5e77d7ba96d182436c7,2064
    pantry-tree:
      size: 1366
      sha256: eb62502b1de8adee91f0feb104a36f87a21a9367f95295d4f12c73183a9b1e54
  original:
    hackage: Unique-0.4.7.9@sha256:a7e154cf6d05169777a1e54aadab24fb3a6eae3ee167e5e77d7ba96d182436c7,2064
snapshots:
- completed:
    size: 587819
    url: https://raw.githubusercontent.com/commercialhaskell/stackage-snapshots/master/lts/18/23.yaml
    sha256: 7f69bb29a57495586e7e3ed31ecc59c0d2c959cb23bd52b71ca676f254c9beb1
  original:
    url: https://raw.githubusercontent.com/commercialhaskell/stackage-snapshots/master/lts/18/23.yaml
